
Microsoft Visual Studio Solution File, Format Version 12.00
# Visual Studio 15
VisualStudioVersion = 15.0.28307.438
MinimumVisualStudioVersion = 10.0.40219.1
Project("{FAE04EC0-301F-11D3-BF4B-00C04F79EFBC}") = "LD.TFVC", "LD.TFVC\LD.TFVC.csproj", "{B7086EB7-AAF1-48C8-B192-FC09F9906236}"
EndProject
Global
	GlobalSection(SolutionConfigurationPlatforms) = preSolution
		Debug|Any CPU = Debug|Any CPU
		Release|Any CPU = Release|Any CPU
	EndGlobalSection
	GlobalSection(ProjectConfigurationPlatforms) = postSolution
		{B7086EB7-AAF1-48C8-B192-FC09F9906236}.Debug|Any CPU.ActiveCfg = Debug|Any CPU
		{B7086EB7-AAF1-48C8-B192-FC09F9906236}.Debug|Any CPU.Build.0 = Debug|Any CPU
		{B7086EB7-AAF1-48C8-B192-FC09F9906236}.Release|Any CPU.ActiveCfg = Release|Any CPU
		{B7086EB7-AAF1-48C8-B192-FC09F9906236}.Release|Any CPU.Build.0 = Release|Any CPU
	EndGlobalSection
	GlobalSection(SolutionProperties) = preSolution
		HideSolutionNode = FALSE
	EndGlobalSection
	GlobalSection(ExtensibilityGlobals) = postSolution
		SolutionGuid = {BAD24C6F-1B0D-40CC-AF84-24FCE9F11315}
	EndGlobalSection
EndGlobal
